
Microsoft Visual Studio Solution File, Format Version 12.00
# Visual Studio Version 17
VisualStudioVersion = 17.9.34728.123
MinimumVisualStudioVersion = 10.0.40219.1
Project("{FAE04EC0-301F-11D3-BF4B-00C04F79EFBC}") = "projetotcc", "projetotcc\projetotcc.csproj", "{45E17411-D464-4586-8F08-C97231E9C369}"
EndProject
Global
	GlobalSection(SolutionConfigurationPlatforms) = preSolution
		Debug|Any CPU = Debug|Any CPU
		Release|Any CPU = Release|Any CPU
	EndGlobalSection
	GlobalSection(ProjectConfigurationPlatforms) = postSolution
		{45E17411-D464-4586-8F08-C97231E9C369}.Debug|Any CPU.ActiveCfg = Debug|Any CPU
		{45E17411-D464-4586-8F08-C97231E9C369}.Debug|Any CPU.Build.0 = Debug|Any CPU
		{45E17411-D464-4586-8F08-C97231E9C369}.Release|Any CPU.ActiveCfg = Release|Any CPU
		{45E17411-D464-4586-8F08-C97231E9C369}.Release|Any CPU.Build.0 = Release|Any CPU
	EndGlobalSection
	GlobalSection(SolutionProperties) = preSolution
		HideSolutionNode = FALSE
	EndGlobalSection
	GlobalSection(ExtensibilityGlobals) = postSolution
		SolutionGuid = {BA7F7653-BE21-489C-9BCD-EA23F26798AE}
	EndGlobalSection
EndGlobal
